
Microsoft Visual Studio Solution File, Format Version 12.00
# Visual Studio 2013
VisualStudioVersion = 12.0.31101.0
MinimumVisualStudioVersion = 10.0.40219.1
Project("{FAE04EC0-301F-11D3-BF4B-00C04F79EFBC}") = "StandUpTimer", "StandUpTimer\StandUpTimer.csproj", "{25C33962-D6C4-43BC-8143-D7A05E142CCF}"
EndProject
Project("{2150E333-8FDC-42A3-9474-1A3956D46DE8}") = ".nuget", ".nuget", "{3BC2FCAA-6191-42D7-A2E5-907E395FE3AF}"
	ProjectSection(SolutionItems) = preProject
		.nuget\NuGet.Config = .nuget\NuGet.Config
		.nuget\NuGet.exe = .nuget\NuGet.exe
		.nuget\NuGet.targets = .nuget\NuGet.targets
		.nuget\packages.config = .nuget\packages.config
	EndProjectSection
EndProject
Project("{FAE04EC0-301F-11D3-BF4B-00C04F79EFBC}") = "StandUpTimer.UnitTests", "StandUpTimer.UnitTests\StandUpTimer.UnitTests.csproj", "{D5D3014B-F656-4EF1-909A-74F85734BA22}"
EndProject
Project("{FAE04EC0-301F-11D3-BF4B-00C04F79EFBC}") = "StandUpTimer.Specs", "StandUpTimer.Specs\StandUpTimer.Specs.csproj", "{0ABF38F3-2FDA-4A82-844D-322A27A75C66}"
EndProject
Project("{FAE04EC0-301F-11D3-BF4B-00C04F79EFBC}") = "StandUpTimer.Web", "StandUpTimer.Web\StandUpTimer.Web.csproj", "{E254B334-4B0F-490D-BB6F-ABC3B2AC651E}"
EndProject
Project("{FAE04EC0-301F-11D3-BF4B-00C04F79EFBC}") = "StandUpTimer.Web.Contract", "StandUpTimer.Web.Contract\StandUpTimer.Web.Contract.csproj", "{D4F35FB6-C896-48D8-AAE7-D5011D1DF61F}"
EndProject
Project("{FAE04EC0-301F-11D3-BF4B-00C04F79EFBC}") = "StandUpTimer.Web.UnitTests", "StandUpTimer.Web.UnitTests\StandUpTimer.Web.UnitTests.csproj", "{F629A573-BF02-4DA8-8619-16236EC90429}"
EndProject
Project("{FAE04EC0-301F-11D3-BF4B-00C04F79EFBC}") = "StandUpTimer.Common", "StandUpTimer.Common\StandUpTimer.Common.csproj", "{EC1EA970-91B1-4331-86ED-69E3554AF274}"
EndProject
Global
	GlobalSection(SolutionConfigurationPlatforms) = preSolution
		Debug|Any CPU = Debug|Any CPU
		Release|Any CPU = Release|Any CPU
	EndGlobalSection
	GlobalSection(ProjectConfigurationPlatforms) = postSolution
		{25C33962-D6C4-43BC-8143-D7A05E142CCF}.Debug|Any CPU.ActiveCfg = Debug|Any CPU
		{25C33962-D6C4-43BC-8143-D7A05E142CCF}.Debug|Any CPU.Build.0 = Debug|Any CPU
		{25C33962-D6C4-43BC-8143-D7A05E142CCF}.Release|Any CPU.ActiveCfg = Release|Any CPU
		{25C33962-D6C4-43BC-8143-D7A05E142CCF}.Release|Any CPU.Build.0 = Release|Any CPU
		{D5D3014B-F656-4EF1-909A-74F85734BA22}.Debug|Any CPU.ActiveCfg = Debug|Any CPU
		{D5D3014B-F656-4EF1-909A-74F85734BA22}.Debug|Any CPU.Build.0 = Debug|Any CPU
		{D5D3014B-F656-4EF1-909A-74F85734BA22}.Release|Any CPU.ActiveCfg = Release|Any CPU
		{D5D3014B-F656-4EF1-909A-74F85734BA22}.Release|Any CPU.Build.0 = Release|Any CPU
		{0ABF38F3-2FDA-4A82-844D-322A27A75C66}.Debug|Any CPU.ActiveCfg = Debug|Any CPU
		{0ABF38F3-2FDA-4A82-844D-322A27A75C66}.Debug|Any CPU.Build.0 = Debug|Any CPU
		{0ABF38F3-2FDA-4A82-844D-322A27A75C66}.Release|Any CPU.ActiveCfg = Release|Any CPU
		{0ABF38F3-2FDA-4A82-844D-322A27A75C66}.Release|Any CPU.Build.0 = Release|Any CPU
		{E254B334-4B0F-490D-BB6F-ABC3B2AC651E}.Debug|Any CPU.ActiveCfg = Debug|Any CPU
		{E254B334-4B0F-490D-BB6F-ABC3B2AC651E}.Debug|Any CPU.Build.0 = Debug|Any CPU
		{E254B334-4B0F-490D-BB6F-ABC3B2AC651E}.Release|Any CPU.ActiveCfg = Release|Any CPU
		{E254B334-4B0F-490D-BB6F-ABC3B2AC651E}.Release|Any CPU.Build.0 = Release|Any CPU
		{D4F35FB6-C896-48D8-AAE7-D5011D1DF61F}.Debug|Any CPU.ActiveCfg = Debug|Any CPU
		{D4F35FB6-C896-48D8-AAE7-D5011D1DF61F}.Debug|Any CPU.Build.0 = Debug|Any CPU
		{D4F35FB6-C896-48D8-AAE7-D5011D1DF61F}.Release|Any CPU.ActiveCfg = Release|Any CPU
		{D4F35FB6-C896-48D8-AAE7-D5011D1DF61F}.Release|Any CPU.Build.0 = Release|Any CPU
		{F629A573-BF02-4DA8-8619-16236EC90429}.Debug|Any CPU.ActiveCfg = Debug|Any CPU
		{F629A573-BF02-4DA8-8619-16236EC90429}.Debug|Any CPU.Build.0 = Debug|Any CPU
		{F629A573-BF02-4DA8-8619-16236EC90429}.Release|Any CPU.ActiveCfg = Release|Any CPU
		{F629A573-BF02-4DA8-8619-16236EC90429}.Release|Any CPU.Build.0 = Release|Any CPU
		{EC1EA970-91B1-4331-86ED-69E3554AF274}.Debug|Any CPU.ActiveCfg = Debug|Any CPU
		{EC1EA970-91B1-4331-86ED-69E3554AF274}.Debug|Any CPU.Build.0 = Debug|Any CPU
		{EC1EA970-91B1-4331-86ED-69E3554AF274}.Release|Any CPU.ActiveCfg = Release|Any CPU
		{EC1EA970-91B1-4331-86ED-69E3554AF274}.Release|Any CPU.Build.0 = Release|Any CPU
	EndGlobalSection
	GlobalSection(SolutionProperties) = preSolution
		HideSolutionNode = FALSE
	EndGlobalSection
EndGlobal
